{
  "originHash" : "bc73858e5f78eca84c8f83db96ccf6340089c9ad2e9c9aaec229352251b2fa3c",
  "pins" : [
    {
      "identity" : "capacitor-swift-pm",
      "kind" : "remoteSourceControl",
      "location" : "https://github.com/ionic-team/capacitor-swift-pm.git",
      "state" : {
        "revision" : "eb8e80d3dd54b9a6ff65b17f2bc3df69ae3d089e",
        "version" : "7.6.7"
      }
    }
  ],
  "version" : 3
}
